
Microsoft Visual Studio Solution File, Format Version 12.00
Project("{FAE04EC0-301F-11D3-BF4B-00C04F79EFBC}") = "VideGreniers.Domain", "VideGreniers.Domain\VideGreniers.Domain.csproj", "{B0BC9DF2-E2B5-4D72-9E01-628AA52D2027}"
EndProject
Project("{FAE04EC0-301F-11D3-BF4B-00C04F79EFBC}") = "VideGreniers.Application", "VideGreniers.Application\VideGreniers.Application.csproj", "{D85C0025-D989-46F7-BF89-8E20C0971D45}"
EndProject
Project("{FAE04EC0-301F-11D3-BF4B-00C04F79EFBC}") = "VideGreniers.Infrastructure", "VideGreniers.Infrastructure\VideGreniers.Infrastructure.csproj", "{E97CF74E-AA24-429F-98A6-23364929AF7E}"
EndProject
Project("{FAE04EC0-301F-11D3-BF4B-00C04F79EFBC}") = "VideGreniers.API", "VideGreniers.API\VideGreniers.API.csproj", "{EAAE66F7-3004-4C49-84CC-DC83D2BC261B}"
EndProject
Global
	GlobalSection(SolutionConfigurationPlatforms) = preSolution
		Debug|Any CPU = Debug|Any CPU
		Release|Any CPU = Release|Any CPU
	EndGlobalSection
	GlobalSection(ProjectConfigurationPlatforms) = postSolution
		{B0BC9DF2-E2B5-4D72-9E01-628AA52D2027}.Debug|Any CPU.ActiveCfg = Debug|Any CPU
		{B0BC9DF2-E2B5-4D72-9E01-628AA52D2027}.Debug|Any CPU.Build.0 = Debug|Any CPU
		{B0BC9DF2-E2B5-4D72-9E01-628AA52D2027}.Release|Any CPU.ActiveCfg = Release|Any CPU
		{B0BC9DF2-E2B5-4D72-9E01-628AA52D2027}.Release|Any CPU.Build.0 = Release|Any CPU
		{D85C0025-D989-46F7-BF89-8E20C0971D45}.Debug|Any CPU.ActiveCfg = Debug|Any CPU
		{D85C0025-D989-46F7-BF89-8E20C0971D45}.Debug|Any CPU.Build.0 = Debug|Any CPU
		{D85C0025-D989-46F7-BF89-8E20C0971D45}.Release|Any CPU.ActiveCfg = Release|Any CPU
		{D85C0025-D989-46F7-BF89-8E20C0971D45}.Release|Any CPU.Build.0 = Release|Any CPU
		{E97CF74E-AA24-429F-98A6-23364929AF7E}.Debug|Any CPU.ActiveCfg = Debug|Any CPU
		{E97CF74E-AA24-429F-98A6-23364929AF7E}.Debug|Any CPU.Build.0 = Debug|Any CPU
		{E97CF74E-AA24-429F-98A6-23364929AF7E}.Release|Any CPU.ActiveCfg = Release|Any CPU
		{E97CF74E-AA24-429F-98A6-23364929AF7E}.Release|Any CPU.Build.0 = Release|Any CPU
		{EAAE66F7-3004-4C49-84CC-DC83D2BC261B}.Debug|Any CPU.ActiveCfg = Debug|Any CPU
		{EAAE66F7-3004-4C49-84CC-DC83D2BC261B}.Debug|Any CPU.Build.0 = Debug|Any CPU
		{EAAE66F7-3004-4C49-84CC-DC83D2BC261B}.Release|Any CPU.ActiveCfg = Release|Any CPU
		{EAAE66F7-3004-4C49-84CC-DC83D2BC261B}.Release|Any CPU.Build.0 = Release|Any CPU
	EndGlobalSection
EndGlobal
